
Microsoft Visual Studio Solution File, Format Version 12.00
# Visual Studio Version 16
VisualStudioVersion = 16.0.31613.86
MinimumVisualStudioVersion = 10.0.40219.1
Project("{FAE04EC0-301F-11D3-BF4B-00C04F79EFBC}") = "Shapes3D.API", "Shapes3D.API\Shapes3D.API.csproj", "{5E8FAEFA-0546-44A2-97AD-19DFE7FC5382}"
EndProject
Project("{FAE04EC0-301F-11D3-BF4B-00C04F79EFBC}") = "Shapes3D.DAL", "Shapes3D.DAL\Shapes3D.DAL.csproj", "{D98513AB-0BA6-411A-ACA3-4D2A91A2F0DC}"
EndProject
Project("{FAE04EC0-301F-11D3-BF4B-00C04F79EFBC}") = "Shapes3D.BLL", "Shapes3D.BLL\Shapes3D.BLL.csproj", "{97050719-9527-450D-BC82-E16BB5E32FF4}"
EndProject
Project("{FAE04EC0-301F-11D3-BF4B-00C04F79EFBC}") = "Shapes3D.UserIdentity", "Shapes3D.UserIdentity\Shapes3D.UserIdentity.csproj", "{AFD789DA-5D26-4F3F-BB56-2BDEA18F2ABC}"
EndProject
Global
	GlobalSection(SolutionConfigurationPlatforms) = preSolution
		Debug|Any CPU = Debug|Any CPU
		Release|Any CPU = Release|Any CPU
	EndGlobalSection
	GlobalSection(ProjectConfigurationPlatforms) = postSolution
		{5E8FAEFA-0546-44A2-97AD-19DFE7FC5382}.Debug|Any CPU.ActiveCfg = Debug|Any CPU
		{5E8FAEFA-0546-44A2-97AD-19DFE7FC5382}.Debug|Any CPU.Build.0 = Debug|Any CPU
		{5E8FAEFA-0546-44A2-97AD-19DFE7FC5382}.Release|Any CPU.ActiveCfg = Release|Any CPU
		{5E8FAEFA-0546-44A2-97AD-19DFE7FC5382}.Release|Any CPU.Build.0 = Release|Any CPU
		{D98513AB-0BA6-411A-ACA3-4D2A91A2F0DC}.Debug|Any CPU.ActiveCfg = Debug|Any CPU
		{D98513AB-0BA6-411A-ACA3-4D2A91A2F0DC}.Debug|Any CPU.Build.0 = Debug|Any CPU
		{D98513AB-0BA6-411A-ACA3-4D2A91A2F0DC}.Release|Any CPU.ActiveCfg = Release|Any CPU
		{D98513AB-0BA6-411A-ACA3-4D2A91A2F0DC}.Release|Any CPU.Build.0 = Release|Any CPU
		{97050719-9527-450D-BC82-E16BB5E32FF4}.Debug|Any CPU.ActiveCfg = Debug|Any CPU
		{97050719-9527-450D-BC82-E16BB5E32FF4}.Debug|Any CPU.Build.0 = Debug|Any CPU
		{97050719-9527-450D-BC82-E16BB5E32FF4}.Release|Any CPU.ActiveCfg = Release|Any CPU
		{97050719-9527-450D-BC82-E16BB5E32FF4}.Release|Any CPU.Build.0 = Release|Any CPU
		{AFD789DA-5D26-4F3F-BB56-2BDEA18F2ABC}.Debug|Any CPU.ActiveCfg = Debug|Any CPU
		{AFD789DA-5D26-4F3F-BB56-2BDEA18F2ABC}.Debug|Any CPU.Build.0 = Debug|Any CPU
		{AFD789DA-5D26-4F3F-BB56-2BDEA18F2ABC}.Release|Any CPU.ActiveCfg = Release|Any CPU
		{AFD789DA-5D26-4F3F-BB56-2BDEA18F2ABC}.Release|Any CPU.Build.0 = Release|Any CPU
	EndGlobalSection
	GlobalSection(SolutionProperties) = preSolution
		HideSolutionNode = FALSE
	EndGlobalSection
	GlobalSection(ExtensibilityGlobals) = postSolution
		SolutionGuid = {B6163C64-C442-4560-9BBC-19A63820D792}
	EndGlobalSection
EndGlobal
